
Microsoft Visual Studio Solution File, Format Version 12.00
# Visual Studio 15
VisualStudioVersion = 15.0.28307.271
MinimumVisualStudioVersion = 10.0.40219.1
Project("{FAE04EC0-301F-11D3-BF4B-00C04F79EFBC}") = "TJWCC.Web", "TJWCC.Web\TJWCC.Web.csproj", "{3B8E9151-5A42-4BC3-9EAE-8A4FB99C07F9}"
EndProject
Project("{2150E333-8FDC-42A3-9474-1A3956D46DE8}") = "03 Web App", "03 Web App", "{84ABE507-F71F-4755-ABC5-C37432BBC9E4}"
EndProject
Project("{2150E333-8FDC-42A3-9474-1A3956D46DE8}") = "01 Common 基础结构层", "01 Common 基础结构层", "{7DE06AC4-2E74-472B-A0BF-24C2157A4AEA}"
EndProject
Project("{2150E333-8FDC-42A3-9474-1A3956D46DE8}") = "02 Domain 应用服务", "02 Domain 应用服务", "{BFF8D0B2-E5CF-4726-A1E2-67BFDB260072}"
EndProject
Project("{FAE04EC0-301F-11D3-BF4B-00C04F79EFBC}") = "TJWCC.Code", "TJWCC.Code\TJWCC.Code.csproj", "{EC3DF91D-CCD2-4C6E-BDEC-07AA4A94B06C}"
EndProject
Project("{FAE04EC0-301F-11D3-BF4B-00C04F79EFBC}") = "TJWCC.Application", "TJWCC.Application\TJWCC.Application.csproj", "{ED016598-2522-4EF2-AA9B-68037391C66E}"
EndProject
Project("{FAE04EC0-301F-11D3-BF4B-00C04F79EFBC}") = "TJWCC.Domain", "TJWCC.Domain\TJWCC.Domain.csproj", "{F4372C04-3611-48DA-96C6-CBC983737CEF}"
EndProject
Project("{FAE04EC0-301F-11D3-BF4B-00C04F79EFBC}") = "TJWCC.Mapping", "TJWCC.Mapping\TJWCC.Mapping.csproj", "{EC6F6B10-F1E7-473C-8E40-E0BD3CF7186B}"
EndProject
Project("{FAE04EC0-301F-11D3-BF4B-00C04F79EFBC}") = "TJWCC.Repository", "TJWCC.Repository\TJWCC.Repository.csproj", "{695A5A05-8E45-4655-BCBF-4D298F9DBE71}"
EndProject
Project("{FAE04EC0-301F-11D3-BF4B-00C04F79EFBC}") = "TJWCC.Data", "TJWCC.Data\TJWCC.Data.csproj", "{3E5DA729-8FC2-4F25-B133-0060A542CE5C}"
EndProject
Global
	GlobalSection(SolutionConfigurationPlatforms) = preSolution
		Debug|Any CPU = Debug|Any CPU
		Release|Any CPU = Release|Any CPU
	EndGlobalSection
	GlobalSection(ProjectConfigurationPlatforms) = postSolution
		{3B8E9151-5A42-4BC3-9EAE-8A4FB99C07F9}.Debug|Any CPU.ActiveCfg = Debug|Any CPU
		{3B8E9151-5A42-4BC3-9EAE-8A4FB99C07F9}.Debug|Any CPU.Build.0 = Debug|Any CPU
		{3B8E9151-5A42-4BC3-9EAE-8A4FB99C07F9}.Release|Any CPU.ActiveCfg = Release|Any CPU
		{3B8E9151-5A42-4BC3-9EAE-8A4FB99C07F9}.Release|Any CPU.Build.0 = Release|Any CPU
		{EC3DF91D-CCD2-4C6E-BDEC-07AA4A94B06C}.Debug|Any CPU.ActiveCfg = Debug|Any CPU
		{EC3DF91D-CCD2-4C6E-BDEC-07AA4A94B06C}.Debug|Any CPU.Build.0 = Debug|Any CPU
		{EC3DF91D-CCD2-4C6E-BDEC-07AA4A94B06C}.Release|Any CPU.ActiveCfg = Release|Any CPU
		{EC3DF91D-CCD2-4C6E-BDEC-07AA4A94B06C}.Release|Any CPU.Build.0 = Release|Any CPU
		{ED016598-2522-4EF2-AA9B-68037391C66E}.Debug|Any CPU.ActiveCfg = Debug|Any CPU
		{ED016598-2522-4EF2-AA9B-68037391C66E}.Debug|Any CPU.Build.0 = Debug|Any CPU
		{ED016598-2522-4EF2-AA9B-68037391C66E}.Release|Any CPU.ActiveCfg = Release|Any CPU
		{ED016598-2522-4EF2-AA9B-68037391C66E}.Release|Any CPU.Build.0 = Release|Any CPU
		{F4372C04-3611-48DA-96C6-CBC983737CEF}.Debug|Any CPU.ActiveCfg = Debug|Any CPU
		{F4372C04-3611-48DA-96C6-CBC983737CEF}.Debug|Any CPU.Build.0 = Debug|Any CPU
		{F4372C04-3611-48DA-96C6-CBC983737CEF}.Release|Any CPU.ActiveCfg = Release|Any CPU
		{F4372C04-3611-48DA-96C6-CBC983737CEF}.Release|Any CPU.Build.0 = Release|Any CPU
		{EC6F6B10-F1E7-473C-8E40-E0BD3CF7186B}.Debug|Any CPU.ActiveCfg = Debug|Any CPU
		{EC6F6B10-F1E7-473C-8E40-E0BD3CF7186B}.Debug|Any CPU.Build.0 = Debug|Any CPU
		{EC6F6B10-F1E7-473C-8E40-E0BD3CF7186B}.Release|Any CPU.ActiveCfg = Release|Any CPU
		{EC6F6B10-F1E7-473C-8E40-E0BD3CF7186B}.Release|Any CPU.Build.0 = Release|Any CPU
		{695A5A05-8E45-4655-BCBF-4D298F9DBE71}.Debug|Any CPU.ActiveCfg = Debug|Any CPU
		{695A5A05-8E45-4655-BCBF-4D298F9DBE71}.Debug|Any CPU.Build.0 = Debug|Any CPU
		{695A5A05-8E45-4655-BCBF-4D298F9DBE71}.Release|Any CPU.ActiveCfg = Release|Any CPU
		{695A5A05-8E45-4655-BCBF-4D298F9DBE71}.Release|Any CPU.Build.0 = Release|Any CPU
		{3E5DA729-8FC2-4F25-B133-0060A542CE5C}.Debug|Any CPU.ActiveCfg = Debug|Any CPU
		{3E5DA729-8FC2-4F25-B133-0060A542CE5C}.Debug|Any CPU.Build.0 = Debug|Any CPU
		{3E5DA729-8FC2-4F25-B133-0060A542CE5C}.Release|Any CPU.ActiveCfg = Release|Any CPU
		{3E5DA729-8FC2-4F25-B133-0060A542CE5C}.Release|Any CPU.Build.0 = Release|Any CPU
	EndGlobalSection
	GlobalSection(SolutionProperties) = preSolution
		HideSolutionNode = FALSE
	EndGlobalSection
	GlobalSection(NestedProjects) = preSolution
		{3B8E9151-5A42-4BC3-9EAE-8A4FB99C07F9} = {84ABE507-F71F-4755-ABC5-C37432BBC9E4}
		{EC3DF91D-CCD2-4C6E-BDEC-07AA4A94B06C} = {7DE06AC4-2E74-472B-A0BF-24C2157A4AEA}
		{ED016598-2522-4EF2-AA9B-68037391C66E} = {BFF8D0B2-E5CF-4726-A1E2-67BFDB260072}
		{F4372C04-3611-48DA-96C6-CBC983737CEF} = {BFF8D0B2-E5CF-4726-A1E2-67BFDB260072}
		{EC6F6B10-F1E7-473C-8E40-E0BD3CF7186B} = {BFF8D0B2-E5CF-4726-A1E2-67BFDB260072}
		{695A5A05-8E45-4655-BCBF-4D298F9DBE71} = {BFF8D0B2-E5CF-4726-A1E2-67BFDB260072}
		{3E5DA729-8FC2-4F25-B133-0060A542CE5C} = {7DE06AC4-2E74-472B-A0BF-24C2157A4AEA}
	EndGlobalSection
	GlobalSection(ExtensibilityGlobals) = postSolution
		SolutionGuid = {5CD820D9-EE2F-47D5-AAC1-870A71E94680}
	EndGlobalSection
EndGlobal
